{
    __meta__ = {
        version = "1.0"
    },
    ["windows|x64"] = {
        ["cmake#f56260b5"] = {
            repo = {
                branch = "master",
                commit = "6e0aa54f304434eba0e87e3715b0b20f6a109aba",
                url = "https://github.com/xmake-io/xmake-repo.git"
            },
            version = "4.1.2"
        },
        ["directxmath#f56260b5"] = {
            repo = {
                branch = "master",
                commit = "1c4a5226d098031c7980196c162975781e1627cd",
                url = "https://github.com/xmake-io/xmake-repo.git"
            },
            version = "2024.02"
        },
        ["directxtk#f56260b5"] = {
            repo = {
                branch = "master",
                commit = "85f95730ce94fa946b64fe1f69db6346eb0a01fc",
                url = "https://github.com/xmake-io/xmake-repo.git"
            },
            version = "24.2.0"
        },
        ["ninja#f56260b5"] = {
            repo = {
                branch = "master",
                commit = "6e0aa54f304434eba0e87e3715b0b20f6a109aba",
                url = "https://github.com/xmake-io/xmake-repo.git"
            },
            version = "1.13.0"
        },
        ["rapidcsv#f56260b5"] = {
            repo = {
                branch = "master",
                commit = "84eac85f8e5f0a00a72f426b486983a62612bb97",
                url = "https://github.com/xmake-io/xmake-repo.git"
            },
            version = "v8.89"
        },
        ["spdlog#09c8c173"] = {
            repo = {
                branch = "master",
                commit = "a77af71e04308fb8a16deb6f8d90ace6acea3209",
                url = "https://github.com/xmake-io/xmake-repo.git"
            },
            version = "v1.16.0"
        }
    }
}